hash: 137626c7eba6b935b747f9e3673e2523c0e82d901ff0d3f45bca713ff7570a34
updated: 2017-06-03T13:12:24.339677656+02:00
imports:
- name: github.com/beevik/etree
  version: abae5fc32af8862e420d52e686a7e6ec14111685
- name: github.com/russross/blackfriday
  version: 0b647d0506a698cca42caca173e55559b12a69f2
- name: github.com/shurcooL/sanitized_anchor_name
  version: 541ff5ee47f1dddf6a5281af78307d921524bcb5
- name: gopkg.in/yaml.v2
  version: cd8b52f8269e0feb286dfeef29f8fe4d5b397e0b
testImports: []
