# This file is autogenerated, do not edit; changes may be undone by the next 'dep ensure'.


[[projects]]
  digest = "1:32fa3ff538ddd0b8312f56bcb15ef3340eee00891cd9c76464746b7cebcac210"
  name = "github.com/PuerkitoBio/goquery"
  packages = ["."]
  pruneopts = ""
  revision = "e1271ee34c6a305e38566ecd27ae374944907ee9"
  version = "v1.1.0"

[[projects]]
  digest = "1:055c07e4af5ddccc93ad394e04e85ca76c3cb2e067b18b97ac3ffd49cb04a339"
  name = "github.com/alecthomas/chroma"
  packages = [
    ".",
    "formatters/html",
    "lexers",
    "lexers/a",
    "lexers/b",
    "lexers/c",
    "lexers/circular",
    "lexers/d",
    "lexers/e",
    "lexers/f",
    "lexers/g",
    "lexers/h",
    "lexers/i",
    "lexers/internal",
    "lexers/j",
    "lexers/k",
    "lexers/l",
    "lexers/m",
    "lexers/n",
    "lexers/o",
    "lexers/p",
    "lexers/q",
    "lexers/r",
    "lexers/s",
    "lexers/t",
    "lexers/v",
    "lexers/w",
    "lexers/x",
    "lexers/y",
    "styles",
  ]
  pruneopts = ""
  revision = "5d7fef2ae60b501bbf28d476c3f273b8017d8261"
  version = "v0.5.0"

[[projects]]
  branch = "master"
  digest = "1:8012998ddb3eed9cc0a3b2512d1f37d0947fd604868049cc698d9dc6ea1bd46c"
  name = "github.com/andybalholm/cascadia"
  packages = ["."]
  pruneopts = ""
  revision = "349dd0209470eabd9514242c688c403c0926d266"

[[projects]]
  digest = "1:19efac7a8b841a06dc555f64bb39546a997266a84dedcd5614b334f0b875ec4a"
  name = "github.com/beevik/etree"
  packages = ["."]
  pruneopts = ""
  revision = "abae5fc32af8862e420d52e686a7e6ec14111685"
  version = "v0"

[[projects]]
  branch = "master"
  digest = "1:8f6c36ee73ded871996ada894e20dfecde56557d08b4d1849d5489076679971f"
  name = "github.com/danwakefield/fnmatch"
  packages = ["."]
  pruneopts = ""
  revision = "cbb64ac3d964b81592e64f957ad53df015803288"

[[projects]]
  digest = "1:556b75e96f02319585d253d262c4ce5dfdf4b28be474f1e0877c5f4f9b10cf9e"
  name = "github.com/dlclark/regexp2"
  packages = [
    ".",
    "syntax",
  ]
  pruneopts = ""
  revision = "487489b64fb796de2e55f4e8a4ad1e145f80e957"
  version = "v1.1.6"

[[projects]]
  digest = "1:a2ea59f1fcf68c565be8d30c3a43503218603a053f7a98b77b16f3a9cfb02f61"
  name = "github.com/russross/blackfriday"
  packages = ["."]
  pruneopts = ""
  revision = "0b647d0506a698cca42caca173e55559b12a69f2"
  version = "v1.4"

[[projects]]
  branch = "master"
  digest = "1:b73d592f16b18c3a7e20abdf905c5492f355b825968217c002b2d8bc6ac7b258"
  name = "github.com/shurcooL/sanitized_anchor_name"
  packages = ["."]
  pruneopts = ""
  revision = "541ff5ee47f1dddf6a5281af78307d921524bcb5"

[[projects]]
  digest = "1:4d31b91f709c22dd8016ebf6c4b82dfa9457b2d08d5b41af3893a13f297ad99f"
  name = "golang.org/x/net"
  packages = [
    "html",
    "html/atom",
  ]
  pruneopts = ""
  revision = "59a0b19b5533c7977ddeb86b017bf507ed407b12"

[[projects]]
  digest = "1:a3a9e86d4cd7b56a405875f475a6bb29f4614692fddf33e10eca5c839250b49e"
  name = "gopkg.in/yaml.v2"
  packages = ["."]
  pruneopts = ""
  revision = "cd8b52f8269e0feb286dfeef29f8fe4d5b397e0b"

[solve-meta]
  analyzer-name = "dep"
  analyzer-version = 1
  input-imports = [
    "github.com/PuerkitoBio/goquery",
    "github.com/alecthomas/chroma/formatters/html",
    "github.com/alecthomas/chroma/lexers",
    "github.com/alecthomas/chroma/styles",
    "github.com/beevik/etree",
    "github.com/russross/blackfriday",
    "gopkg.in/yaml.v2",
  ]
  solver-name = "gps-cdcl"
  solver-version = 1
